
Microsoft Visual Studio Solution File, Format Version 12.00
# Visual Studio Version 16
VisualStudioVersion = 16.0.31410.357
MinimumVisualStudioVersion = 10.0.40219.1
Project("{FAE04EC0-301F-11D3-BF4B-00C04F79EFBC}") = "WEBAPI", "WEBAPI\WEBAPI.csproj", "{F2550D1E-F034-4814-9B48-BF45FD2B2116}"
EndProject
Project("{FAE04EC0-301F-11D3-BF4B-00C04F79EFBC}") = "TestProject", "TestProject\TestProject.csproj", "{9A39FEDB-23BC-4ED1-B340-9957872E335C}"
EndProject
Global
	GlobalSection(SolutionConfigurationPlatforms) = preSolution
		Debug|Any CPU = Debug|Any CPU
		Release|Any CPU = Release|Any CPU
	EndGlobalSection
	GlobalSection(ProjectConfigurationPlatforms) = postSolution
		{F2550D1E-F034-4814-9B48-BF45FD2B2116}.Debug|Any CPU.ActiveCfg = Debug|Any CPU
		{F2550D1E-F034-4814-9B48-BF45FD2B2116}.Debug|Any CPU.Build.0 = Debug|Any CPU
		{F2550D1E-F034-4814-9B48-BF45FD2B2116}.Release|Any CPU.ActiveCfg = Release|Any CPU
		{F2550D1E-F034-4814-9B48-BF45FD2B2116}.Release|Any CPU.Build.0 = Release|Any CPU
		{9A39FEDB-23BC-4ED1-B340-9957872E335C}.Debug|Any CPU.ActiveCfg = Debug|Any CPU
		{9A39FEDB-23BC-4ED1-B340-9957872E335C}.Debug|Any CPU.Build.0 = Debug|Any CPU
		{9A39FEDB-23BC-4ED1-B340-9957872E335C}.Release|Any CPU.ActiveCfg = Release|Any CPU
		{9A39FEDB-23BC-4ED1-B340-9957872E335C}.Release|Any CPU.Build.0 = Release|Any CPU
	EndGlobalSection
	GlobalSection(SolutionProperties) = preSolution
		HideSolutionNode = FALSE
	EndGlobalSection
	GlobalSection(ExtensibilityGlobals) = postSolution
		SolutionGuid = {35331E50-D715-43B4-8C7A-676F2C8CC315}
	EndGlobalSection
EndGlobal
